// !$*UTF8*$!
{
	archiveVersion = 1;
	classes = {
	};
	objectVersion = 56;
	objects = {

/* Begin PBXBuildFile section */
		E258EA6D98F44CF385868D4F /* SeleneApp.swift in Sources */ = {isa = PBXBuildFile; fileRef = 92EE942A5DF940D78FD18E13 /* SeleneApp.swift */; };
		C9092C27C3FF4041875E1AE1 /* DiscoveredHost.swift in Sources */ = {isa = PBXBuildFile; fileRef = B6C06EA806EF480B99D02898 /* DiscoveredHost.swift */; };
		80162B573A1845BE98A6CFF8 /* HostDiscoveryService.swift in Sources */ = {isa = PBXBuildFile; fileRef = 8FBA60CB7093457EADBF089A /* HostDiscoveryService.swift */; };
		A91FD0BD688E4540BE20373B /* HostListViewModel.swift in Sources */ = {isa = PBXBuildFile; fileRef = 3118B0F02B0542F2810DA8F5 /* HostListViewModel.swift */; };
		E1E131736CCE47B4AD69CC64 /* HostListView.swift in Sources */ = {isa = PBXBuildFile; fileRef = 828BA39B6C8040D8BF5AB825 /* HostListView.swift */; };
		A1AA11F54B79450A899542AC /* Network.framework in Frameworks */ = {isa = PBXBuildFile; fileRef = D6F8C5A6A3734BF894BD862A /* Network.framework */; };
		96F14CB69A2F4405BF74CCAA /* ContentView.swift in Sources */ = {isa = PBXBuildFile; fileRef = D9EF267D53FB4F6F937AE0F9 /* ContentView.swift */; };
		C77E171592A24E8CAADAE05F /* DeviceCardView.swift in Sources */ = {isa = PBXBuildFile; fileRef = BDA04F12621143DC9C8FED63 /* DeviceCardView.swift */; };
		1797633F12274586ACF20FE7 /* StreamWindowView.swift in Sources */ = {isa = PBXBuildFile; fileRef = E3DD9E278E91427C92877038 /* StreamWindowView.swift */; };
		02EA0BBC5EE6F8B29C04154F /* SunshineServerInfo.swift in Sources */ = {isa = PBXBuildFile; fileRef = 692314ABC98681F461920FDA /* SunshineServerInfo.swift */; };
		4676534F704CCCEC64526011 /* selene.icon in Resources */ = {isa = PBXBuildFile; fileRef = 119C8462FD33355D88C9D301 /* selene.icon */; };
		855529648AFEEDC8AE2BE380 /* GameStreamCrypto.mm in Sources */ = {isa = PBXBuildFile; fileRef = A734597392048CF589458584 /* GameStreamCrypto.mm */; };
		D4992E4DC53BB327ACAC6137 /* GameStreamPairing.swift in Sources */ = {isa = PBXBuildFile; fileRef = 0CCC50BE05DEA54A4DED515C /* GameStreamPairing.swift */; };
		8AEEC67440CF4D9A561CBF4F /* PairingStore.swift in Sources */ = {isa = PBXBuildFile; fileRef = D3DA8AA61D136EFDF5CC3394 /* PairingStore.swift */; };
		2372F47CA56761DAD364A9C3 /* PairingSheetView.swift in Sources */ = {isa = PBXBuildFile; fileRef = 44F601CAABB107B91366E3EB /* PairingSheetView.swift */; };
		E6297B11602CA413904F3010 /* GameStreamMutualTLS.swift in Sources */ = {isa = PBXBuildFile; fileRef = C2C9ACBF534218CD4BB6F8CC /* GameStreamMutualTLS.swift */; };
		B112E406BFCE1749088F2732 /* StreamTarget.swift in Sources */ = {isa = PBXBuildFile; fileRef = 636659F4C7C4E424639304AD /* StreamTarget.swift */; };
		86B0F3B7AF795F1A16A6268E /* StreamSessionConfig.swift in Sources */ = {isa = PBXBuildFile; fileRef = BB96BC9EC5C5A8603C137A9D /* StreamSessionConfig.swift */; };
		0BD855876DD38EA25A1E2CC9 /* ManualHostStore.swift in Sources */ = {isa = PBXBuildFile; fileRef = 39C042B0C06065B89C5F82AF /* ManualHostStore.swift */; };
		E85A898C9975FADDA76476FE /* AddHostSheetView.swift in Sources */ = {isa = PBXBuildFile; fileRef = 6B8FE3D291E7CA8C818F8BA0 /* AddHostSheetView.swift */; };
		0DC1DFC3F8B1AF478EC4582E /* GameStreamSession.mm in Sources */ = {isa = PBXBuildFile; fileRef = 80A11EA3C1AFD9CE8422FC28 /* GameStreamSession.mm */; };
		E9005FEFC3828DAB9D797E66 /* StreamConnectionController.swift in Sources */ = {isa = PBXBuildFile; fileRef = 1624FD4DFDE35AE4E920C0D9 /* StreamConnectionController.swift */; };
		20132197E3CC30EB9A8A836B /* VideoDecodeRenderer.mm in Sources */ = {isa = PBXBuildFile; fileRef = 5A138F56862A8BAF85370C1D /* VideoDecodeRenderer.mm */; };
		0AB10C5B70505DBAB1CE5AE9 /* VideoLayerView.swift in Sources */ = {isa = PBXBuildFile; fileRef = 30702E226494B2910D057543 /* VideoLayerView.swift */; };
		89DAFF90884D013A91444710 /* GameStreamClient.swift in Sources */ = {isa = PBXBuildFile; fileRef = 13993F6AF01EA23C74906CC0 /* GameStreamClient.swift */; };
		B07533F90FA655DDB51E3BC9 /* AppGridView.swift in Sources */ = {isa = PBXBuildFile; fileRef = 201E6EAE9696FF930DB22FD6 /* AppGridView.swift */; };
		CCB18418E206A45916134807 /* AudioStream.c in Sources */ = {isa = PBXBuildFile; fileRef = B65372EAEA02BD4F04C021C3 /* AudioStream.c */; settings = {COMPILER_FLAGS = "-w"; }; };
		7DD2C5C8E591610D3F118911 /* ByteBuffer.c in Sources */ = {isa = PBXBuildFile; fileRef = 9A8BCDC97F2C8693A6BA1097 /* ByteBuffer.c */; settings = {COMPILER_FLAGS = "-w"; }; };
		6E37BA3BD3271B98485339AA /* Connection.c in Sources */ = {isa = PBXBuildFile; fileRef = 16CD76C02FFC6B0D97138E9A /* Connection.c */; settings = {COMPILER_FLAGS = "-w"; }; };
		59D9F9BA6CC25CC5B9BF76BE /* ConnectionTester.c in Sources */ = {isa = PBXBuildFile; fileRef = 0D7476CDCE5B87A6E1278A96 /* ConnectionTester.c */; settings = {COMPILER_FLAGS = "-w"; }; };
		73E486A6064E61F55C0407F2 /* ControlStream.c in Sources */ = {isa = PBXBuildFile; fileRef = DF65F5DC056C8BF98F7EB846 /* ControlStream.c */; settings = {COMPILER_FLAGS = "-w"; }; };
		0746382C74018BDEB9DB8D63 /* FakeCallbacks.c in Sources */ = {isa = PBXBuildFile; fileRef = D95A95A33EE2B96019FC03AB /* FakeCallbacks.c */; settings = {COMPILER_FLAGS = "-w"; }; };
		BE4182F6B76300A9D611C42B /* InputStream.c in Sources */ = {isa = PBXBuildFile; fileRef = 69AF89FD330C124E79AF8B83 /* InputStream.c */; settings = {COMPILER_FLAGS = "-w"; }; };
		D40837AF86BB55E6BC03B107 /* LinkedBlockingQueue.c in Sources */ = {isa = PBXBuildFile; fileRef = 4CF16DAEDE845E76C7FF7FCD /* LinkedBlockingQueue.c */; settings = {COMPILER_FLAGS = "-w"; }; };
		0FBFCFFFE1D373CAF722FE88 /* Misc.c in Sources */ = {isa = PBXBuildFile; fileRef = 5E01230BDCA837901C2D815D /* Misc.c */; settings = {COMPILER_FLAGS = "-w"; }; };
		ED308717362FEF293544FCE9 /* Platform.c in Sources */ = {isa = PBXBuildFile; fileRef = B731BF90A6D8EDFAB5832731 /* Platform.c */; settings = {COMPILER_FLAGS = "-w"; }; };
		7752B29B24BAACF879DF51D6 /* PlatformCrypto.c in Sources */ = {isa = PBXBuildFile; fileRef = 6EDB48FC9DBC7B8369F5F289 /* PlatformCrypto.c */; settings = {COMPILER_FLAGS = "-w"; }; };
		2778B5560844FCB17F8C16D2 /* PlatformSockets.c in Sources */ = {isa = PBXBuildFile; fileRef = DFACF6D5FF168B54154CAAF0 /* PlatformSockets.c */; settings = {COMPILER_FLAGS = "-w"; }; };
		1FD9D8CCB6FE5865BA9E5F9A /* RecorderCallbacks.c in Sources */ = {isa = PBXBuildFile; fileRef = B1DF1DC43A9631A89D5424EB /* RecorderCallbacks.c */; settings = {COMPILER_FLAGS = "-w"; }; };
		DB9C550C0690F2EAB3AADD4C /* RtpAudioQueue.c in Sources */ = {isa = PBXBuildFile; fileRef = F8FA8F0CBB523CD0168C5C16 /* RtpAudioQueue.c */; settings = {COMPILER_FLAGS = "-w"; }; };
		45B511E6C1D4C4F28E64D699 /* RtpVideoQueue.c in Sources */ = {isa = PBXBuildFile; fileRef = 759E388007682E7D02F71810 /* RtpVideoQueue.c */; settings = {COMPILER_FLAGS = "-w"; }; };
		5F39F4207AF8D4C7832EF3A9 /* RtspConnection.c in Sources */ = {isa = PBXBuildFile; fileRef = E13EDC0F5858D5F23B5E5265 /* RtspConnection.c */; settings = {COMPILER_FLAGS = "-w"; }; };
		4F8E5F3E7178C3060ACA9D7D /* RtspParser.c in Sources */ = {isa = PBXBuildFile; fileRef = 0197469063248F752065B8F1 /* RtspParser.c */; settings = {COMPILER_FLAGS = "-w"; }; };
		855CB8BC7B96D72BBB544936 /* SdpGenerator.c in Sources */ = {isa = PBXBuildFile; fileRef = AD12C5A7C7D76513F7336EC0 /* SdpGenerator.c */; settings = {COMPILER_FLAGS = "-w"; }; };
		AD9A9D22253888872A95A8B9 /* SimpleStun.c in Sources */ = {isa = PBXBuildFile; fileRef = E8B4D4A89420CD4FF5C6BD60 /* SimpleStun.c */; settings = {COMPILER_FLAGS = "-w"; }; };
		4FEC3C39C51E41EC31EB9F3F /* VideoDepacketizer.c in Sources */ = {isa = PBXBuildFile; fileRef = 6CC775A46D440EB551D75153 /* VideoDepacketizer.c */; settings = {COMPILER_FLAGS = "-w"; }; };
		D0C9E0ACF7E2248CBC841FFB /* VideoStream.c in Sources */ = {isa = PBXBuildFile; fileRef = D7D486C3614892285A557B32 /* VideoStream.c */; settings = {COMPILER_FLAGS = "-w"; }; };
		C1523E562C8D3867ED628A10 /* callbacks.c in Sources */ = {isa = PBXBuildFile; fileRef = 70AC7363F89F9A241F17EC92 /* callbacks.c */; settings = {COMPILER_FLAGS = "-w"; }; };
		0B0B7ED215F2BEBBC7E53A4E /* compress.c in Sources */ = {isa = PBXBuildFile; fileRef = 034908B870C3324128BEEBA2 /* compress.c */; settings = {COMPILER_FLAGS = "-w"; }; };
		7777E4CFF7758F5264881EA9 /* host.c in Sources */ = {isa = PBXBuildFile; fileRef = CCA06C123201F0FCEE4E93FB /* host.c */; settings = {COMPILER_FLAGS = "-w"; }; };
		DC3F87EBABE48B273DDE08AD /* list.c in Sources */ = {isa = PBXBuildFile; fileRef = 0CB11ADC4C3611ADDCFD47F3 /* list.c */; settings = {COMPILER_FLAGS = "-w"; }; };
		1189E6F0900218F019DC3D41 /* packet.c in Sources */ = {isa = PBXBuildFile; fileRef = 59B266975E21B9DE75C07795 /* packet.c */; settings = {COMPILER_FLAGS = "-w"; }; };
		3736E402EAB6C57B7EB2B164 /* peer.c in Sources */ = {isa = PBXBuildFile; fileRef = ED42608B92245AC656E3AF73 /* peer.c */; settings = {COMPILER_FLAGS = "-w"; }; };
		AE73C5A6CE53978F96440D18 /* protocol.c in Sources */ = {isa = PBXBuildFile; fileRef = 08D5838529097459A13B4C6B /* protocol.c */; settings = {COMPILER_FLAGS = "-w"; }; };
		A9E3CC12086AC450B346EFB9 /* unix.c in Sources */ = {isa = PBXBuildFile; fileRef = E650C3ECA17BF704A3D8F512 /* unix.c */; settings = {COMPILER_FLAGS = "-w"; }; };
		2F5910FA8BA1B7FC91929B68 /* rs.c in Sources */ = {isa = PBXBuildFile; fileRef = C2959D0E161070272F9BE95A /* rs.c */; settings = {COMPILER_FLAGS = "-w"; }; };
		E604EEDF7AF54754D73B393A /* oblas_common.c in Sources */ = {isa = PBXBuildFile; fileRef = 0B7265CD979C893C44BFEF12 /* oblas_common.c */; settings = {COMPILER_FLAGS = "-w"; }; };
		4F0A7592014F20782C92B79A /* oblas_lite.c in Sources */ = {isa = PBXBuildFile; fileRef = D3B1AE7AE64C56644AECA280 /* oblas_lite.c */; settings = {COMPILER_FLAGS = "-w"; }; };
/* End PBXBuildFile section */

/* Begin PBXFileReference section */
		C676F0B3F87946CD939353B8 /* Selene.app */ = {isa = PBXFileReference; explicitFileType = wrapper.application; includeInIndex = 0; path = Selene.app; sourceTree = BUILT_PRODUCTS_DIR; };
		155A18D57B3049BABCF10CEC /* Info.plist */ = {isa = PBXFileReference; lastKnownFileType = text.plist.xml; path = Info.plist; sourceTree = "<group>"; };
		92EE942A5DF940D78FD18E13 /* SeleneApp.swift */ = {isa = PBXFileReference; lastKnownFileType = sourcecode.swift; path = SeleneApp.swift; sourceTree = "<group>"; };
		B6C06EA806EF480B99D02898 /* DiscoveredHost.swift */ = {isa = PBXFileReference; lastKnownFileType = sourcecode.swift; path = DiscoveredHost.swift; sourceTree = "<group>"; };
		8FBA60CB7093457EADBF089A /* HostDiscoveryService.swift */ = {isa = PBXFileReference; lastKnownFileType = sourcecode.swift; path = HostDiscoveryService.swift; sourceTree = "<group>"; };
		3118B0F02B0542F2810DA8F5 /* HostListViewModel.swift */ = {isa = PBXFileReference; lastKnownFileType = sourcecode.swift; path = HostListViewModel.swift; sourceTree = "<group>"; };
		828BA39B6C8040D8BF5AB825 /* HostListView.swift */ = {isa = PBXFileReference; lastKnownFileType = sourcecode.swift; path = HostListView.swift; sourceTree = "<group>"; };
		D6F8C5A6A3734BF894BD862A /* Network.framework */ = {isa = PBXFileReference; lastKnownFileType = wrapper.framework; name = Network.framework; path = System/Library/Frameworks/Network.framework; sourceTree = SDKROOT; };
		D9EF267D53FB4F6F937AE0F9 /* ContentView.swift */ = {isa = PBXFileReference; lastKnownFileType = sourcecode.swift; path = ContentView.swift; sourceTree = "<group>"; };
		BDA04F12621143DC9C8FED63 /* DeviceCardView.swift */ = {isa = PBXFileReference; lastKnownFileType = sourcecode.swift; path = DeviceCardView.swift; sourceTree = "<group>"; };
		E3DD9E278E91427C92877038 /* StreamWindowView.swift */ = {isa = PBXFileReference; lastKnownFileType = sourcecode.swift; path = StreamWindowView.swift; sourceTree = "<group>"; };
		692314ABC98681F461920FDA /* SunshineServerInfo.swift */ = {isa = PBXFileReference; lastKnownFileType = sourcecode.swift; path = SunshineServerInfo.swift; sourceTree = "<group>"; };
		119C8462FD33355D88C9D301 /* selene.icon */ = {isa = PBXFileReference; lastKnownFileType = folder.iconcomposer.icon; path = selene.icon; sourceTree = "<group>"; };
		A734597392048CF589458584 /* GameStreamCrypto.mm */ = {isa = PBXFileReference; lastKnownFileType = sourcecode.cpp.objcpp; path = GameStreamCrypto.mm; sourceTree = "<group>"; };
		FBA21C37A5BDEAA60FDB9047 /* GameStreamCrypto.h */ = {isa = PBXFileReference; lastKnownFileType = sourcecode.c.h; path = GameStreamCrypto.h; sourceTree = "<group>"; };
		12DBB0B0EA57C13FE215A4E6 /* Selene-Bridging-Header.h */ = {isa = PBXFileReference; lastKnownFileType = sourcecode.c.h; path = "Selene-Bridging-Header.h"; sourceTree = "<group>"; };
		0CCC50BE05DEA54A4DED515C /* GameStreamPairing.swift */ = {isa = PBXFileReference; lastKnownFileType = sourcecode.swift; path = GameStreamPairing.swift; sourceTree = "<group>"; };
		D3DA8AA61D136EFDF5CC3394 /* PairingStore.swift */ = {isa = PBXFileReference; lastKnownFileType = sourcecode.swift; path = PairingStore.swift; sourceTree = "<group>"; };
		44F601CAABB107B91366E3EB /* PairingSheetView.swift */ = {isa = PBXFileReference; lastKnownFileType = sourcecode.swift; path = PairingSheetView.swift; sourceTree = "<group>"; };
		C2C9ACBF534218CD4BB6F8CC /* GameStreamMutualTLS.swift */ = {isa = PBXFileReference; lastKnownFileType = sourcecode.swift; path = GameStreamMutualTLS.swift; sourceTree = "<group>"; };
		636659F4C7C4E424639304AD /* StreamTarget.swift */ = {isa = PBXFileReference; lastKnownFileType = sourcecode.swift; path = StreamTarget.swift; sourceTree = "<group>"; };
		BB96BC9EC5C5A8603C137A9D /* StreamSessionConfig.swift */ = {isa = PBXFileReference; lastKnownFileType = sourcecode.swift; path = StreamSessionConfig.swift; sourceTree = "<group>"; };
		39C042B0C06065B89C5F82AF /* ManualHostStore.swift */ = {isa = PBXFileReference; lastKnownFileType = sourcecode.swift; path = ManualHostStore.swift; sourceTree = "<group>"; };
		6B8FE3D291E7CA8C818F8BA0 /* AddHostSheetView.swift */ = {isa = PBXFileReference; lastKnownFileType = sourcecode.swift; path = AddHostSheetView.swift; sourceTree = "<group>"; };
		80A11EA3C1AFD9CE8422FC28 /* GameStreamSession.mm */ = {isa = PBXFileReference; lastKnownFileType = sourcecode.cpp.objcpp; path = GameStreamSession.mm; sourceTree = "<group>"; };
		7A90D1EBCDECF7CEF9552973 /* GameStreamSession.h */ = {isa = PBXFileReference; lastKnownFileType = sourcecode.c.h; path = GameStreamSession.h; sourceTree = "<group>"; };
		1624FD4DFDE35AE4E920C0D9 /* StreamConnectionController.swift */ = {isa = PBXFileReference; lastKnownFileType = sourcecode.swift; path = StreamConnectionController.swift; sourceTree = "<group>"; };
		5A138F56862A8BAF85370C1D /* VideoDecodeRenderer.mm */ = {isa = PBXFileReference; lastKnownFileType = sourcecode.cpp.objcpp; path = VideoDecodeRenderer.mm; sourceTree = "<group>"; };
		1188470A4EE20C8E849F2C1C /* VideoDecodeRenderer.h */ = {isa = PBXFileReference; lastKnownFileType = sourcecode.c.h; path = VideoDecodeRenderer.h; sourceTree = "<group>"; };
		30702E226494B2910D057543 /* VideoLayerView.swift */ = {isa = PBXFileReference; lastKnownFileType = sourcecode.swift; path = VideoLayerView.swift; sourceTree = "<group>"; };
		13993F6AF01EA23C74906CC0 /* GameStreamClient.swift */ = {isa = PBXFileReference; lastKnownFileType = sourcecode.swift; path = GameStreamClient.swift; sourceTree = "<group>"; };
		201E6EAE9696FF930DB22FD6 /* AppGridView.swift */ = {isa = PBXFileReference; lastKnownFileType = sourcecode.swift; path = AppGridView.swift; sourceTree = "<group>"; };
		B65372EAEA02BD4F04C021C3 /* AudioStream.c */ = {isa = PBXFileReference; lastKnownFileType = sourcecode.c.c; path = "src/AudioStream.c"; sourceTree = "<group>"; };
		9A8BCDC97F2C8693A6BA1097 /* ByteBuffer.c */ = {isa = PBXFileReference; lastKnownFileType = sourcecode.c.c; path = "src/ByteBuffer.c"; sourceTree = "<group>"; };
		16CD76C02FFC6B0D97138E9A /* Connection.c */ = {isa = PBXFileReference; lastKnownFileType = sourcecode.c.c; path = "src/Connection.c"; sourceTree = "<group>"; };
		0D7476CDCE5B87A6E1278A96 /* ConnectionTester.c */ = {isa = PBXFileReference; lastKnownFileType = sourcecode.c.c; path = "src/ConnectionTester.c"; sourceTree = "<group>"; };
		DF65F5DC056C8BF98F7EB846 /* ControlStream.c */ = {isa = PBXFileReference; lastKnownFileType = sourcecode.c.c; path = "src/ControlStream.c"; sourceTree = "<group>"; };
		D95A95A33EE2B96019FC03AB /* FakeCallbacks.c */ = {isa = PBXFileReference; lastKnownFileType = sourcecode.c.c; path = "src/FakeCallbacks.c"; sourceTree = "<group>"; };
		69AF89FD330C124E79AF8B83 /* InputStream.c */ = {isa = PBXFileReference; lastKnownFileType = sourcecode.c.c; path = "src/InputStream.c"; sourceTree = "<group>"; };
		4CF16DAEDE845E76C7FF7FCD /* LinkedBlockingQueue.c */ = {isa = PBXFileReference; lastKnownFileType = sourcecode.c.c; path = "src/LinkedBlockingQueue.c"; sourceTree = "<group>"; };
		5E01230BDCA837901C2D815D /* Misc.c */ = {isa = PBXFileReference; lastKnownFileType = sourcecode.c.c; path = "src/Misc.c"; sourceTree = "<group>"; };
		B731BF90A6D8EDFAB5832731 /* Platform.c */ = {isa = PBXFileReference; lastKnownFileType = sourcecode.c.c; path = "src/Platform.c"; sourceTree = "<group>"; };
		6EDB48FC9DBC7B8369F5F289 /* PlatformCrypto.c */ = {isa = PBXFileReference; lastKnownFileType = sourcecode.c.c; path = "src/PlatformCrypto.c"; sourceTree = "<group>"; };
		DFACF6D5FF168B54154CAAF0 /* PlatformSockets.c */ = {isa = PBXFileReference; lastKnownFileType = sourcecode.c.c; path = "src/PlatformSockets.c"; sourceTree = "<group>"; };
		B1DF1DC43A9631A89D5424EB /* RecorderCallbacks.c */ = {isa = PBXFileReference; lastKnownFileType = sourcecode.c.c; path = "src/RecorderCallbacks.c"; sourceTree = "<group>"; };
		F8FA8F0CBB523CD0168C5C16 /* RtpAudioQueue.c */ = {isa = PBXFileReference; lastKnownFileType = sourcecode.c.c; path = "src/RtpAudioQueue.c"; sourceTree = "<group>"; };
		759E388007682E7D02F71810 /* RtpVideoQueue.c */ = {isa = PBXFileReference; lastKnownFileType = sourcecode.c.c; path = "src/RtpVideoQueue.c"; sourceTree = "<group>"; };
		E13EDC0F5858D5F23B5E5265 /* RtspConnection.c */ = {isa = PBXFileReference; lastKnownFileType = sourcecode.c.c; path = "src/RtspConnection.c"; sourceTree = "<group>"; };
		0197469063248F752065B8F1 /* RtspParser.c */ = {isa = PBXFileReference; lastKnownFileType = sourcecode.c.c; path = "src/RtspParser.c"; sourceTree = "<group>"; };
		AD12C5A7C7D76513F7336EC0 /* SdpGenerator.c */ = {isa = PBXFileReference; lastKnownFileType = sourcecode.c.c; path = "src/SdpGenerator.c"; sourceTree = "<group>"; };
		E8B4D4A89420CD4FF5C6BD60 /* SimpleStun.c */ = {isa = PBXFileReference; lastKnownFileType = sourcecode.c.c; path = "src/SimpleStun.c"; sourceTree = "<group>"; };
		6CC775A46D440EB551D75153 /* VideoDepacketizer.c */ = {isa = PBXFileReference; lastKnownFileType = sourcecode.c.c; path = "src/VideoDepacketizer.c"; sourceTree = "<group>"; };
		D7D486C3614892285A557B32 /* VideoStream.c */ = {isa = PBXFileReference; lastKnownFileType = sourcecode.c.c; path = "src/VideoStream.c"; sourceTree = "<group>"; };
		E507918ADBBCA72A1F1AB227 /* ByteBuffer.h */ = {isa = PBXFileReference; lastKnownFileType = sourcecode.c.h; path = "src/ByteBuffer.h"; sourceTree = "<group>"; };
		783DA814C6440CA8E8E463A8 /* Input.h */ = {isa = PBXFileReference; lastKnownFileType = sourcecode.c.h; path = "src/Input.h"; sourceTree = "<group>"; };
		79336188C11A821C329F85F3 /* Limelight-internal.h */ = {isa = PBXFileReference; lastKnownFileType = sourcecode.c.h; path = "src/Limelight-internal.h"; sourceTree = "<group>"; };
		3F9D709DAA0052432A10DFCE /* Limelight.h */ = {isa = PBXFileReference; lastKnownFileType = sourcecode.c.h; path = "src/Limelight.h"; sourceTree = "<group>"; };
		844F56C830ECFD6B5F3320F3 /* LinkedBlockingQueue.h */ = {isa = PBXFileReference; lastKnownFileType = sourcecode.c.h; path = "src/LinkedBlockingQueue.h"; sourceTree = "<group>"; };
		D4F145337B05D9971FDF7C46 /* Platform.h */ = {isa = PBXFileReference; lastKnownFileType = sourcecode.c.h; path = "src/Platform.h"; sourceTree = "<group>"; };
		AF068614F7C0C4CDFE8061B8 /* PlatformCrypto.h */ = {isa = PBXFileReference; lastKnownFileType = sourcecode.c.h; path = "src/PlatformCrypto.h"; sourceTree = "<group>"; };
		0D76BF48E65A4695578ED635 /* PlatformSockets.h */ = {isa = PBXFileReference; lastKnownFileType = sourcecode.c.h; path = "src/PlatformSockets.h"; sourceTree = "<group>"; };
		83E5A9E90D91CF80ADA9D3C0 /* PlatformThreads.h */ = {isa = PBXFileReference; lastKnownFileType = sourcecode.c.h; path = "src/PlatformThreads.h"; sourceTree = "<group>"; };
		B6795897DAF09BDEE002B52F /* RtpAudioQueue.h */ = {isa = PBXFileReference; lastKnownFileType = sourcecode.c.h; path = "src/RtpAudioQueue.h"; sourceTree = "<group>"; };
		5894DF55F07A6B84F56F4845 /* RtpVideoQueue.h */ = {isa = PBXFileReference; lastKnownFileType = sourcecode.c.h; path = "src/RtpVideoQueue.h"; sourceTree = "<group>"; };
		5ABBACB6ACF13658D9ED2CFE /* Rtsp.h */ = {isa = PBXFileReference; lastKnownFileType = sourcecode.c.h; path = "src/Rtsp.h"; sourceTree = "<group>"; };
		582478928AD62E62DADD1CEC /* Video.h */ = {isa = PBXFileReference; lastKnownFileType = sourcecode.c.h; path = "src/Video.h"; sourceTree = "<group>"; };
		70AC7363F89F9A241F17EC92 /* callbacks.c */ = {isa = PBXFileReference; lastKnownFileType = sourcecode.c.c; path = "enet/callbacks.c"; sourceTree = "<group>"; };
		034908B870C3324128BEEBA2 /* compress.c */ = {isa = PBXFileReference; lastKnownFileType = sourcecode.c.c; path = "enet/compress.c"; sourceTree = "<group>"; };
		CCA06C123201F0FCEE4E93FB /* host.c */ = {isa = PBXFileReference; lastKnownFileType = sourcecode.c.c; path = "enet/host.c"; sourceTree = "<group>"; };
		0CB11ADC4C3611ADDCFD47F3 /* list.c */ = {isa = PBXFileReference; lastKnownFileType = sourcecode.c.c; path = "enet/list.c"; sourceTree = "<group>"; };
		59B266975E21B9DE75C07795 /* packet.c */ = {isa = PBXFileReference; lastKnownFileType = sourcecode.c.c; path = "enet/packet.c"; sourceTree = "<group>"; };
		ED42608B92245AC656E3AF73 /* peer.c */ = {isa = PBXFileReference; lastKnownFileType = sourcecode.c.c; path = "enet/peer.c"; sourceTree = "<group>"; };
		08D5838529097459A13B4C6B /* protocol.c */ = {isa = PBXFileReference; lastKnownFileType = sourcecode.c.c; path = "enet/protocol.c"; sourceTree = "<group>"; };
		E650C3ECA17BF704A3D8F512 /* unix.c */ = {isa = PBXFileReference; lastKnownFileType = sourcecode.c.c; path = "enet/unix.c"; sourceTree = "<group>"; };
		C2959D0E161070272F9BE95A /* rs.c */ = {isa = PBXFileReference; lastKnownFileType = sourcecode.c.c; path = "nanors/rs.c"; sourceTree = "<group>"; };
		0B7265CD979C893C44BFEF12 /* oblas_common.c */ = {isa = PBXFileReference; lastKnownFileType = sourcecode.c.c; path = "nanors/deps/obl/oblas_common.c"; sourceTree = "<group>"; };
		D3B1AE7AE64C56644AECA280 /* oblas_lite.c */ = {isa = PBXFileReference; lastKnownFileType = sourcecode.c.c; path = "nanors/deps/obl/oblas_lite.c"; sourceTree = "<group>"; };
/* End PBXFileReference section */

/* Begin PBXFrameworksBuildPhase section */
		CEE338045B864D269E476A2B /* Frameworks */ = {
			isa = PBXFrameworksBuildPhase;
			buildActionMask = 2147483647;
			files = (
				A1AA11F54B79450A899542AC /* Network.framework in Frameworks */,
			);
			runOnlyForDeploymentPostprocessing = 0;
		};
/* End PBXFrameworksBuildPhase section */

/* Begin PBXGroup section */
		7C780ADBB51C4BC39FD3629A = {
			isa = PBXGroup;
			children = (
				F058718CECB94A76B8033842 /* Selene */,
				0FEEC70085B205A484FD0181 /* MoonlightCommonC */,
				1E26C383889C451ABC0E02EB /* Products */,
				7D52D3DAE9AB465DAC2926E3 /* Frameworks */,
			);
			sourceTree = "<group>";
		};
		1E26C383889C451ABC0E02EB /* Products */ = {
			isa = PBXGroup;
			children = (
				C676F0B3F87946CD939353B8 /* Selene.app */,
			);
			name = Products;
			sourceTree = "<group>";
		};
		F058718CECB94A76B8033842 /* Selene */ = {
			isa = PBXGroup;
			children = (
				92EE942A5DF940D78FD18E13 /* SeleneApp.swift */,
				D9EF267D53FB4F6F937AE0F9 /* ContentView.swift */,
				B6C06EA806EF480B99D02898 /* DiscoveredHost.swift */,
				8FBA60CB7093457EADBF089A /* HostDiscoveryService.swift */,
				692314ABC98681F461920FDA /* SunshineServerInfo.swift */,
				3118B0F02B0542F2810DA8F5 /* HostListViewModel.swift */,
				828BA39B6C8040D8BF5AB825 /* HostListView.swift */,
				BDA04F12621143DC9C8FED63 /* DeviceCardView.swift */,
				E3DD9E278E91427C92877038 /* StreamWindowView.swift */,
				119C8462FD33355D88C9D301 /* selene.icon */,
				A734597392048CF589458584 /* GameStreamCrypto.mm */,
				FBA21C37A5BDEAA60FDB9047 /* GameStreamCrypto.h */,
				12DBB0B0EA57C13FE215A4E6 /* Selene-Bridging-Header.h */,
				0CCC50BE05DEA54A4DED515C /* GameStreamPairing.swift */,
				D3DA8AA61D136EFDF5CC3394 /* PairingStore.swift */,
				44F601CAABB107B91366E3EB /* PairingSheetView.swift */,
				C2C9ACBF534218CD4BB6F8CC /* GameStreamMutualTLS.swift */,
				636659F4C7C4E424639304AD /* StreamTarget.swift */,
				BB96BC9EC5C5A8603C137A9D /* StreamSessionConfig.swift */,
				39C042B0C06065B89C5F82AF /* ManualHostStore.swift */,
				6B8FE3D291E7CA8C818F8BA0 /* AddHostSheetView.swift */,
				80A11EA3C1AFD9CE8422FC28 /* GameStreamSession.mm */,
				7A90D1EBCDECF7CEF9552973 /* GameStreamSession.h */,
				1624FD4DFDE35AE4E920C0D9 /* StreamConnectionController.swift */,
				5A138F56862A8BAF85370C1D /* VideoDecodeRenderer.mm */,
				1188470A4EE20C8E849F2C1C /* VideoDecodeRenderer.h */,
				30702E226494B2910D057543 /* VideoLayerView.swift */,
				13993F6AF01EA23C74906CC0 /* GameStreamClient.swift */,
				201E6EAE9696FF930DB22FD6 /* AppGridView.swift */,
				155A18D57B3049BABCF10CEC /* Info.plist */,
			);
			path = Selene;
			sourceTree = "<group>";
		};
		7D52D3DAE9AB465DAC2926E3 /* Frameworks */ = {
			isa = PBXGroup;
			children = (
				D6F8C5A6A3734BF894BD862A /* Network.framework */,
			);
			name = Frameworks;
			sourceTree = "<group>";
		};
		0FEEC70085B205A484FD0181 /* MoonlightCommonC */ = {
			isa = PBXGroup;
			children = (
				B65372EAEA02BD4F04C021C3 /* AudioStream.c */,
				9A8BCDC97F2C8693A6BA1097 /* ByteBuffer.c */,
				16CD76C02FFC6B0D97138E9A /* Connection.c */,
				0D7476CDCE5B87A6E1278A96 /* ConnectionTester.c */,
				DF65F5DC056C8BF98F7EB846 /* ControlStream.c */,
				D95A95A33EE2B96019FC03AB /* FakeCallbacks.c */,
				69AF89FD330C124E79AF8B83 /* InputStream.c */,
				4CF16DAEDE845E76C7FF7FCD /* LinkedBlockingQueue.c */,
				5E01230BDCA837901C2D815D /* Misc.c */,
				B731BF90A6D8EDFAB5832731 /* Platform.c */,
				6EDB48FC9DBC7B8369F5F289 /* PlatformCrypto.c */,
				DFACF6D5FF168B54154CAAF0 /* PlatformSockets.c */,
				B1DF1DC43A9631A89D5424EB /* RecorderCallbacks.c */,
				F8FA8F0CBB523CD0168C5C16 /* RtpAudioQueue.c */,
				759E388007682E7D02F71810 /* RtpVideoQueue.c */,
				E13EDC0F5858D5F23B5E5265 /* RtspConnection.c */,
				0197469063248F752065B8F1 /* RtspParser.c */,
				AD12C5A7C7D76513F7336EC0 /* SdpGenerator.c */,
				E8B4D4A89420CD4FF5C6BD60 /* SimpleStun.c */,
				6CC775A46D440EB551D75153 /* VideoDepacketizer.c */,
				D7D486C3614892285A557B32 /* VideoStream.c */,
				E507918ADBBCA72A1F1AB227 /* ByteBuffer.h */,
				783DA814C6440CA8E8E463A8 /* Input.h */,
				79336188C11A821C329F85F3 /* Limelight-internal.h */,
				3F9D709DAA0052432A10DFCE /* Limelight.h */,
				844F56C830ECFD6B5F3320F3 /* LinkedBlockingQueue.h */,
				D4F145337B05D9971FDF7C46 /* Platform.h */,
				AF068614F7C0C4CDFE8061B8 /* PlatformCrypto.h */,
				0D76BF48E65A4695578ED635 /* PlatformSockets.h */,
				83E5A9E90D91CF80ADA9D3C0 /* PlatformThreads.h */,
				B6795897DAF09BDEE002B52F /* RtpAudioQueue.h */,
				5894DF55F07A6B84F56F4845 /* RtpVideoQueue.h */,
				5ABBACB6ACF13658D9ED2CFE /* Rtsp.h */,
				582478928AD62E62DADD1CEC /* Video.h */,
				70AC7363F89F9A241F17EC92 /* callbacks.c */,
				034908B870C3324128BEEBA2 /* compress.c */,
				CCA06C123201F0FCEE4E93FB /* host.c */,
				0CB11ADC4C3611ADDCFD47F3 /* list.c */,
				59B266975E21B9DE75C07795 /* packet.c */,
				ED42608B92245AC656E3AF73 /* peer.c */,
				08D5838529097459A13B4C6B /* protocol.c */,
				E650C3ECA17BF704A3D8F512 /* unix.c */,
				C2959D0E161070272F9BE95A /* rs.c */,
				0B7265CD979C893C44BFEF12 /* oblas_common.c */,
				D3B1AE7AE64C56644AECA280 /* oblas_lite.c */,
			);
			name = MoonlightCommonC;
			path = "../moonlight-common-c/moonlight-common-c";
			sourceTree = "<group>";
		};
/* End PBXGroup section */

/* Begin PBXNativeTarget section */
		90E85C061F9C40DC98BAD800 /* Selene */ = {
			isa = PBXNativeTarget;
			buildConfigurationList = A6DAC2BD4BFF4410B25AFB53 /* Build configuration list for PBXNativeTarget "Selene" */;
			buildPhases = (
				BBB2669850AE44C8A673E618 /* Sources */,
				CEE338045B864D269E476A2B /* Frameworks */,
				04F2D49A4DE14303B6C74982 /* Resources */,
			);
			buildRules = (
			);
			dependencies = (
			);
			name = Selene;
			productName = Selene;
			productReference = C676F0B3F87946CD939353B8 /* Selene.app */;
			productType = "com.apple.product-type.application";
		};
/* End PBXNativeTarget section */

/* Begin PBXProject section */
		3C5303E358EE417F93855528 /* Project object */ = {
			isa = PBXProject;
			attributes = {
				BuildIndependentTargetsInParallel = 1;
				LastSwiftUpdateCheck = 1620;
				LastUpgradeCheck = 1620;
				TargetAttributes = {
					90E85C061F9C40DC98BAD800 = {
						CreatedOnToolsVersion = 16.2;
					};
				};
			};
			buildConfigurationList = A411DBCF92254401A09259B0 /* Build configuration list for PBXProject "Selene" */;
			compatibilityVersion = "Xcode 14.0";
			developmentRegion = en;
			hasScannedForEncodings = 0;
			knownRegions = (
				en,
				Base,
			);
			mainGroup = 7C780ADBB51C4BC39FD3629A;
			productRefGroup = 1E26C383889C451ABC0E02EB /* Products */;
			projectDirPath = "";
			projectRoot = "";
			targets = (
				90E85C061F9C40DC98BAD800 /* Selene */,
			);
		};
/* End PBXProject section */

/* Begin PBXResourcesBuildPhase section */
		04F2D49A4DE14303B6C74982 /* Resources */ = {
			isa = PBXResourcesBuildPhase;
			buildActionMask = 2147483647;
			files = (
				4676534F704CCCEC64526011 /* selene.icon in Resources */,
			);
			runOnlyForDeploymentPostprocessing = 0;
		};
/* End PBXResourcesBuildPhase section */

/* Begin PBXSourcesBuildPhase section */
		BBB2669850AE44C8A673E618 /* Sources */ = {
			isa = PBXSourcesBuildPhase;
			buildActionMask = 2147483647;
			files = (
				CCB18418E206A45916134807 /* AudioStream.c in Sources */,
				7DD2C5C8E591610D3F118911 /* ByteBuffer.c in Sources */,
				6E37BA3BD3271B98485339AA /* Connection.c in Sources */,
				59D9F9BA6CC25CC5B9BF76BE /* ConnectionTester.c in Sources */,
				73E486A6064E61F55C0407F2 /* ControlStream.c in Sources */,
				0746382C74018BDEB9DB8D63 /* FakeCallbacks.c in Sources */,
				BE4182F6B76300A9D611C42B /* InputStream.c in Sources */,
				D40837AF86BB55E6BC03B107 /* LinkedBlockingQueue.c in Sources */,
				0FBFCFFFE1D373CAF722FE88 /* Misc.c in Sources */,
				ED308717362FEF293544FCE9 /* Platform.c in Sources */,
				7752B29B24BAACF879DF51D6 /* PlatformCrypto.c in Sources */,
				2778B5560844FCB17F8C16D2 /* PlatformSockets.c in Sources */,
				1FD9D8CCB6FE5865BA9E5F9A /* RecorderCallbacks.c in Sources */,
				DB9C550C0690F2EAB3AADD4C /* RtpAudioQueue.c in Sources */,
				45B511E6C1D4C4F28E64D699 /* RtpVideoQueue.c in Sources */,
				5F39F4207AF8D4C7832EF3A9 /* RtspConnection.c in Sources */,
				4F8E5F3E7178C3060ACA9D7D /* RtspParser.c in Sources */,
				855CB8BC7B96D72BBB544936 /* SdpGenerator.c in Sources */,
				AD9A9D22253888872A95A8B9 /* SimpleStun.c in Sources */,
				4FEC3C39C51E41EC31EB9F3F /* VideoDepacketizer.c in Sources */,
				D0C9E0ACF7E2248CBC841FFB /* VideoStream.c in Sources */,
				C1523E562C8D3867ED628A10 /* callbacks.c in Sources */,
				0B0B7ED215F2BEBBC7E53A4E /* compress.c in Sources */,
				7777E4CFF7758F5264881EA9 /* host.c in Sources */,
				DC3F87EBABE48B273DDE08AD /* list.c in Sources */,
				1189E6F0900218F019DC3D41 /* packet.c in Sources */,
				3736E402EAB6C57B7EB2B164 /* peer.c in Sources */,
				AE73C5A6CE53978F96440D18 /* protocol.c in Sources */,
				A9E3CC12086AC450B346EFB9 /* unix.c in Sources */,
				2F5910FA8BA1B7FC91929B68 /* rs.c in Sources */,
				E604EEDF7AF54754D73B393A /* oblas_common.c in Sources */,
				4F0A7592014F20782C92B79A /* oblas_lite.c in Sources */,
				E258EA6D98F44CF385868D4F /* SeleneApp.swift in Sources */,
				96F14CB69A2F4405BF74CCAA /* ContentView.swift in Sources */,
				C9092C27C3FF4041875E1AE1 /* DiscoveredHost.swift in Sources */,
				80162B573A1845BE98A6CFF8 /* HostDiscoveryService.swift in Sources */,
				02EA0BBC5EE6F8B29C04154F /* SunshineServerInfo.swift in Sources */,
				855529648AFEEDC8AE2BE380 /* GameStreamCrypto.mm in Sources */,
				D4992E4DC53BB327ACAC6137 /* GameStreamPairing.swift in Sources */,
				8AEEC67440CF4D9A561CBF4F /* PairingStore.swift in Sources */,
				2372F47CA56761DAD364A9C3 /* PairingSheetView.swift in Sources */,
				E6297B11602CA413904F3010 /* GameStreamMutualTLS.swift in Sources */,
				B112E406BFCE1749088F2732 /* StreamTarget.swift in Sources */,
				86B0F3B7AF795F1A16A6268E /* StreamSessionConfig.swift in Sources */,
				0BD855876DD38EA25A1E2CC9 /* ManualHostStore.swift in Sources */,
				E85A898C9975FADDA76476FE /* AddHostSheetView.swift in Sources */,
				0DC1DFC3F8B1AF478EC4582E /* GameStreamSession.mm in Sources */,
				E9005FEFC3828DAB9D797E66 /* StreamConnectionController.swift in Sources */,
				20132197E3CC30EB9A8A836B /* VideoDecodeRenderer.mm in Sources */,
				0AB10C5B70505DBAB1CE5AE9 /* VideoLayerView.swift in Sources */,
				89DAFF90884D013A91444710 /* GameStreamClient.swift in Sources */,
				B07533F90FA655DDB51E3BC9 /* AppGridView.swift in Sources */,
				A91FD0BD688E4540BE20373B /* HostListViewModel.swift in Sources */,
				E1E131736CCE47B4AD69CC64 /* HostListView.swift in Sources */,
				C77E171592A24E8CAADAE05F /* DeviceCardView.swift in Sources */,
				1797633F12274586ACF20FE7 /* StreamWindowView.swift in Sources */,
			);
			runOnlyForDeploymentPostprocessing = 0;
		};
/* End PBXSourcesBuildPhase section */

/* Begin XCBuildConfiguration section */
		44A96AA8236D409DBBDF6E7F /* Debug */ = {
			isa = XCBuildConfiguration;
			buildSettings = {
				ALWAYS_SEARCH_USER_PATHS = NO;
				ARCHS = arm64;
				VALID_ARCHS = arm64;
				CLANG_ANALYZER_NONNULL = YES;
				CLANG_ANALYZER_NUMBER_OBJECT_CONVERSION = YES_AGGRESSIVE;
				CLANG_CXX_LANGUAGE_STANDARD = "gnu++20";
				CLANG_ENABLE_MODULES = YES;
				CLANG_ENABLE_OBJC_ARC = YES;
				CLANG_ENABLE_OBJC_WEAK = YES;
				CLANG_WARN_BLOCK_CAPTURE_AUTORELEASING = YES;
				CLANG_WARN_BOOL_CONVERSION = YES;
				CLANG_WARN_COMMA = YES;
				CLANG_WARN_CONSTANT_CONVERSION = YES;
				CLANG_WARN_DEPRECATED_OBJC_IMPLEMENTATIONS = YES;
				CLANG_WARN_DIRECT_OBJC_ISA_USAGE = YES_ERROR;
				CLANG_WARN_DOCUMENTATION_COMMENTS = YES;
				CLANG_WARN_EMPTY_BODY = YES;
				CLANG_WARN_ENUM_CONVERSION = YES;
				CLANG_WARN_INFINITE_RECURSION = YES;
				CLANG_WARN_INT_CONVERSION = YES;
				CLANG_WARN_NON_LITERAL_NULL_CONVERSION = YES;
				CLANG_WARN_OBJC_IMPLICIT_RETAIN_SELF = YES;
				CLANG_WARN_OBJC_LITERAL_CONVERSION = YES;
				CLANG_WARN_OBJC_ROOT_CLASS = YES_ERROR;
				CLANG_WARN_QUOTED_INCLUDE_IN_FRAMEWORK_HEADER = YES;
				CLANG_WARN_RANGE_LOOP_ANALYSIS = YES;
				CLANG_WARN_STRICT_PROTOTYPES = YES;
				CLANG_WARN_SUSPICIOUS_MOVE = YES;
				CLANG_WARN_UNGUARDED_AVAILABILITY = YES_AGGRESSIVE;
				CLANG_WARN_UNREACHABLE_CODE = YES;
				CLANG_WARN__DUPLICATE_METHOD_MATCH = YES;
				COPY_PHASE_STRIP = NO;
				DEBUG_INFORMATION_FORMAT = dwarf;
				ENABLE_STRICT_OBJC_MSGSEND = YES;
				ENABLE_TESTABILITY = YES;
				ENABLE_USER_SCRIPT_SANDBOXING = YES;
				GCC_C_LANGUAGE_STANDARD = gnu17;
				GCC_DYNAMIC_NO_PIC = NO;
				GCC_NO_COMMON_BLOCKS = YES;
				GCC_OPTIMIZATION_LEVEL = 0;
				GCC_PREPROCESSOR_DEFINITIONS = (
					"DEBUG=1",
					"$(inherited)",
				);
				GCC_WARN_64_TO_32_BIT_CONVERSION = YES;
				GCC_WARN_ABOUT_RETURN_TYPE = YES_ERROR;
				GCC_WARN_UNDECLARED_SELECTOR = YES;
				GCC_WARN_UNINITIALIZED_AUTOS = YES_AGGRESSIVE;
				GCC_WARN_UNUSED_FUNCTION = YES;
				GCC_WARN_UNUSED_VARIABLE = YES;
				LOCALIZATION_PREFERS_STRING_CATALOGS = YES;
				MACOSX_DEPLOYMENT_TARGET = 14.0;
				MTL_ENABLE_DEBUG_INFO = INCLUDE_SOURCE;
				MTL_FAST_MATH = YES;
				ONLY_ACTIVE_ARCH = YES;
				SDKROOT = macosx;
				SWIFT_ACTIVE_COMPILATION_CONDITIONS = "DEBUG $(inherited)";
				SWIFT_OPTIMIZATION_LEVEL = "-Onone";
				SWIFT_VERSION = 6.0;
			};
			name = Debug;
		};
		A50ECFEDFF2541A7A81BE6E0 /* Release */ = {
			isa = XCBuildConfiguration;
			buildSettings = {
				ALWAYS_SEARCH_USER_PATHS = NO;
				ARCHS = arm64;
				VALID_ARCHS = arm64;
				CLANG_ANALYZER_NONNULL = YES;
				CLANG_ANALYZER_NUMBER_OBJECT_CONVERSION = YES_AGGRESSIVE;
				CLANG_CXX_LANGUAGE_STANDARD = "gnu++20";
				CLANG_ENABLE_MODULES = YES;
				CLANG_ENABLE_OBJC_ARC = YES;
				CLANG_ENABLE_OBJC_WEAK = YES;
				CLANG_WARN_BLOCK_CAPTURE_AUTORELEASING = YES;
				CLANG_WARN_BOOL_CONVERSION = YES;
				CLANG_WARN_COMMA = YES;
				CLANG_WARN_CONSTANT_CONVERSION = YES;
				CLANG_WARN_DEPRECATED_OBJC_IMPLEMENTATIONS = YES;
				CLANG_WARN_DIRECT_OBJC_ISA_USAGE = YES_ERROR;
				CLANG_WARN_DOCUMENTATION_COMMENTS = YES;
				CLANG_WARN_EMPTY_BODY = YES;
				CLANG_WARN_ENUM_CONVERSION = YES;
				CLANG_WARN_INFINITE_RECURSION = YES;
				CLANG_WARN_INT_CONVERSION = YES;
				CLANG_WARN_NON_LITERAL_NULL_CONVERSION = YES;
				CLANG_WARN_OBJC_IMPLICIT_RETAIN_SELF = YES;
				CLANG_WARN_OBJC_LITERAL_CONVERSION = YES;
				CLANG_WARN_OBJC_ROOT_CLASS = YES_ERROR;
				CLANG_WARN_QUOTED_INCLUDE_IN_FRAMEWORK_HEADER = YES;
				CLANG_WARN_RANGE_LOOP_ANALYSIS = YES;
				CLANG_WARN_STRICT_PROTOTYPES = YES;
				CLANG_WARN_SUSPICIOUS_MOVE = YES;
				CLANG_WARN_UNGUARDED_AVAILABILITY = YES_AGGRESSIVE;
				CLANG_WARN_UNREACHABLE_CODE = YES;
				CLANG_WARN__DUPLICATE_METHOD_MATCH = YES;
				COPY_PHASE_STRIP = NO;
				DEBUG_INFORMATION_FORMAT = "dwarf-with-dsym";
				ENABLE_NS_ASSERTIONS = NO;
				ENABLE_STRICT_OBJC_MSGSEND = YES;
				ENABLE_USER_SCRIPT_SANDBOXING = YES;
				GCC_C_LANGUAGE_STANDARD = gnu17;
				GCC_NO_COMMON_BLOCKS = YES;
				GCC_WARN_64_TO_32_BIT_CONVERSION = YES;
				GCC_WARN_ABOUT_RETURN_TYPE = YES_ERROR;
				GCC_WARN_UNDECLARED_SELECTOR = YES;
				GCC_WARN_UNINITIALIZED_AUTOS = YES_AGGRESSIVE;
				GCC_WARN_UNUSED_FUNCTION = YES;
				GCC_WARN_UNUSED_VARIABLE = YES;
				LOCALIZATION_PREFERS_STRING_CATALOGS = YES;
				MACOSX_DEPLOYMENT_TARGET = 14.0;
				MTL_ENABLE_DEBUG_INFO = NO;
				MTL_FAST_MATH = YES;
				ONLY_ACTIVE_ARCH = NO;
				SDKROOT = macosx;
				SWIFT_COMPILATION_MODE = wholemodule;
				SWIFT_VERSION = 6.0;
			};
			name = Release;
		};
		41844B7C27C547F29FE89EBF /* Debug */ = {
			isa = XCBuildConfiguration;
			buildSettings = {
				ASSETCATALOG_COMPILER_APPICON_NAME = selene;
				ASSETCATALOG_COMPILER_GENERATE_SWIFT_ASSET_SYMBOL_EXTENSIONS = YES;
				CODE_SIGN_STYLE = Automatic;
				COMBINE_HIDPI_IMAGES = YES;
				CURRENT_PROJECT_VERSION = 1;
				ENABLE_HARDENED_RUNTIME = YES;
				ENABLE_PREVIEWS = YES;
				GENERATE_INFOPLIST_FILE = NO;
				INFOPLIST_FILE = Selene/Info.plist;
				INFOPLIST_KEY_LSApplicationCategoryType = "public.app-category.games";
				INFOPLIST_KEY_NSHumanReadableCopyright = "";
				LD_RUNPATH_SEARCH_PATHS = (
					"$(inherited)",
					"@executable_path/../Frameworks",
				);
				MARKETING_VERSION = 1.0;
				PRODUCT_BUNDLE_IDENTIFIER = ch.useselene.selene;
				PRODUCT_NAME = "$(TARGET_NAME)";
				SWIFT_EMIT_LOC_STRINGS = YES;
				SWIFT_VERSION = 6.0;
				SWIFT_OBJC_BRIDGING_HEADER = "Selene/Selene-Bridging-Header.h";
				HEADER_SEARCH_PATHS = (
					"/opt/homebrew/opt/openssl@3/include",
					"$(PROJECT_DIR)/../moonlight-common-c/moonlight-common-c/src",
					"$(PROJECT_DIR)/../moonlight-common-c/moonlight-common-c/enet/include",
					"$(PROJECT_DIR)/../moonlight-common-c/moonlight-common-c/nanors",
					"$(PROJECT_DIR)/../moonlight-common-c/moonlight-common-c/nanors/deps",
					"$(PROJECT_DIR)/../moonlight-common-c/moonlight-common-c/nanors/deps/obl",
				);
				LIBRARY_SEARCH_PATHS = "/opt/homebrew/opt/openssl@3/lib";
				OTHER_LDFLAGS = (
					"-lssl",
					"-lcrypto",
				);
				GCC_PREPROCESSOR_DEFINITIONS = (
					"$(inherited)",
					"HAS_SOCKLEN_T=1",
					"HAS_FCNTL=1",
					"HAS_IOCTL=1",
					"HAS_POLL=1",
					"HAS_GETNAMEINFO=1",
					"HAS_GETADDRINFO=1",
					"HAS_GETHOSTBYNAME_R=1",
					"HAS_GETHOSTBYADDR_R=1",
					"HAS_INET_PTON=1",
					"HAS_INET_NTOP=1",
					"HAS_MSGHDR_FLAGS=1",
					"NDEBUG=1",
				);
			};
			name = Debug;
		};
		6740ADC94762450E9080DAA4 /* Release */ = {
			isa = XCBuildConfiguration;
			buildSettings = {
				ASSETCATALOG_COMPILER_APPICON_NAME = selene;
				ASSETCATALOG_COMPILER_GENERATE_SWIFT_ASSET_SYMBOL_EXTENSIONS = YES;
				CODE_SIGN_STYLE = Automatic;
				COMBINE_HIDPI_IMAGES = YES;
				CURRENT_PROJECT_VERSION = 1;
				ENABLE_HARDENED_RUNTIME = YES;
				ENABLE_PREVIEWS = YES;
				GENERATE_INFOPLIST_FILE = NO;
				INFOPLIST_FILE = Selene/Info.plist;
				INFOPLIST_KEY_LSApplicationCategoryType = "public.app-category.games";
				INFOPLIST_KEY_NSHumanReadableCopyright = "";
				LD_RUNPATH_SEARCH_PATHS = (
					"$(inherited)",
					"@executable_path/../Frameworks",
				);
				MARKETING_VERSION = 1.0;
				PRODUCT_BUNDLE_IDENTIFIER = ch.useselene.selene;
				PRODUCT_NAME = "$(TARGET_NAME)";
				SWIFT_EMIT_LOC_STRINGS = YES;
				SWIFT_VERSION = 6.0;
				SWIFT_OBJC_BRIDGING_HEADER = "Selene/Selene-Bridging-Header.h";
				HEADER_SEARCH_PATHS = (
					"/opt/homebrew/opt/openssl@3/include",
					"$(PROJECT_DIR)/../moonlight-common-c/moonlight-common-c/src",
					"$(PROJECT_DIR)/../moonlight-common-c/moonlight-common-c/enet/include",
					"$(PROJECT_DIR)/../moonlight-common-c/moonlight-common-c/nanors",
					"$(PROJECT_DIR)/../moonlight-common-c/moonlight-common-c/nanors/deps",
					"$(PROJECT_DIR)/../moonlight-common-c/moonlight-common-c/nanors/deps/obl",
				);
				LIBRARY_SEARCH_PATHS = "/opt/homebrew/opt/openssl@3/lib";
				OTHER_LDFLAGS = (
					"-lssl",
					"-lcrypto",
				);
				GCC_PREPROCESSOR_DEFINITIONS = (
					"$(inherited)",
					"HAS_SOCKLEN_T=1",
					"HAS_FCNTL=1",
					"HAS_IOCTL=1",
					"HAS_POLL=1",
					"HAS_GETNAMEINFO=1",
					"HAS_GETADDRINFO=1",
					"HAS_GETHOSTBYNAME_R=1",
					"HAS_GETHOSTBYADDR_R=1",
					"HAS_INET_PTON=1",
					"HAS_INET_NTOP=1",
					"HAS_MSGHDR_FLAGS=1",
					"NDEBUG=1",
				);
			};
			name = Release;
		};
/* End XCBuildConfiguration section */

/* Begin XCConfigurationList section */
		A411DBCF92254401A09259B0 /* Build configuration list for PBXProject "Selene" */ = {
			isa = XCConfigurationList;
			buildConfigurations = (
				44A96AA8236D409DBBDF6E7F /* Debug */,
				A50ECFEDFF2541A7A81BE6E0 /* Release */,
			);
			defaultConfigurationIsVisible = 0;
			defaultConfigurationName = Release;
		};
		A6DAC2BD4BFF4410B25AFB53 /* Build configuration list for PBXNativeTarget "Selene" */ = {
			isa = XCConfigurationList;
			buildConfigurations = (
				41844B7C27C547F29FE89EBF /* Debug */,
				6740ADC94762450E9080DAA4 /* Release */,
			);
			defaultConfigurationIsVisible = 0;
			defaultConfigurationName = Release;
		};
/* End XCConfigurationList section */
	};
	rootObject = 3C5303E358EE417F93855528 /* Project object */;
}
